
Microsoft Visual Studio Solution File, Format Version 12.00
# Visual Studio 15
Project("{FAE04EC0-301F-11D3-BF4B-00C04F79EFBC}") = "Assembly-CSharp", "Assembly-CSharp.csproj", "{3436FBBE-5A6C-37FF-DDC3-AB0C3AF3B303}"
EndProject
Project("{FAE04EC0-301F-11D3-BF4B-00C04F79EFBC}") = "Assembly-CSharp-Editor", "Assembly-CSharp-Editor.csproj", "{B6BA6F9A-54F8-406A-8075-8C0C1A732941}"
EndProject
Global
	GlobalSection(SolutionConfigurationPlatforms) = preSolution
		Debug|Any CPU = Debug|Any CPU
		Release|Any CPU = Release|Any CPU
	EndGlobalSection
	GlobalSection(ProjectConfigurationPlatforms) = postSolution
		{3436FBBE-5A6C-37FF-DDC3-AB0C3AF3B303}.Debug|Any CPU.ActiveCfg = Debug|Any CPU
		{3436FBBE-5A6C-37FF-DDC3-AB0C3AF3B303}.Debug|Any CPU.Build.0 = Debug|Any CPU
		{3436FBBE-5A6C-37FF-DDC3-AB0C3AF3B303}.Release|Any CPU.ActiveCfg = Release|Any CPU
		{3436FBBE-5A6C-37FF-DDC3-AB0C3AF3B303}.Release|Any CPU.Build.0 = Release|Any CPU
		{B6BA6F9A-54F8-406A-8075-8C0C1A732941}.Debug|Any CPU.ActiveCfg = Debug|Any CPU
		{B6BA6F9A-54F8-406A-8075-8C0C1A732941}.Debug|Any CPU.Build.0 = Debug|Any CPU
		{B6BA6F9A-54F8-406A-8075-8C0C1A732941}.Release|Any CPU.ActiveCfg = Release|Any CPU
		{B6BA6F9A-54F8-406A-8075-8C0C1A732941}.Release|Any CPU.Build.0 = Release|Any CPU
	EndGlobalSection
	GlobalSection(SolutionProperties) = preSolution
		HideSolutionNode = FALSE
	EndGlobalSection
EndGlobal
